
Microsoft Visual Studio Solution File, Format Version 12.00
# Visual Studio Version 16
VisualStudioVersion = 16.0.31129.286
MinimumVisualStudioVersion = 10.0.40219.1
Project("{FAE04EC0-301F-11D3-BF4B-00C04F79EFBC}") = "Calculator", "Calculator\Calculator.csproj", "{F095FC4A-1E13-4BD4-B373-897E82FDEC14}"
EndProject
Global
	GlobalSection(SolutionConfigurationPlatforms) = preSolution
		Debug|Any CPU = Debug|Any CPU
		Release|Any CPU = Release|Any CPU
	EndGlobalSection
	GlobalSection(ProjectConfigurationPlatforms) = postSolution
		{F095FC4A-1E13-4BD4-B373-897E82FDEC14}.Debug|Any CPU.ActiveCfg = Debug|Any CPU
		{F095FC4A-1E13-4BD4-B373-897E82FDEC14}.Debug|Any CPU.Build.0 = Debug|Any CPU
		{F095FC4A-1E13-4BD4-B373-897E82FDEC14}.Release|Any CPU.ActiveCfg = Release|Any CPU
		{F095FC4A-1E13-4BD4-B373-897E82FDEC14}.Release|Any CPU.Build.0 = Release|Any CPU
	EndGlobalSection
	GlobalSection(SolutionProperties) = preSolution
		HideSolutionNode = FALSE
	EndGlobalSection
	GlobalSection(ExtensibilityGlobals) = postSolution
		SolutionGuid = {85920700-7000-42A0-BF2F-0AC817DDE656}
	EndGlobalSection
EndGlobal
